{
    "name": "nodeimport",
    "version": "1.0.0",
    "lockfileVersion": 3,
    "requires": true,
    "packages": {
        "": {
            "name": "nodeimport",
            "version": "1.0.0",
            "license": "ISC",
            "dependencies": {
                "js-awe": "^1.0.44"
            }
        },
        "node_modules/fluture": {
            "version": "14.0.0",
            "resolved": "https://registry.npmjs.org/fluture/-/fluture-14.0.0.tgz",
            "integrity": "sha512-pENtLF948a8DfduVKugT8edTAbFi4rBS94xjHwzLanQqIu5PYtLGl+xqs6H8TaIRL7z/B0cDpswdINzH/HRUGA==",
            "dependencies": {
                "sanctuary-show": "^2.0.0",
                "sanctuary-type-identifiers": "^3.0.0"
            },
            "engines": {
                "node": ">=4.0.0"
            }
        },
        "node_modules/js-awe": {
            "version": "1.0.76",
            "resolved": "https://registry.npmjs.org/js-awe/-/js-awe-1.0.76.tgz",
            "integrity": "sha512-D/eDCakAyizPSS7rNyvcO9pPDx8Voo3GPiMgvTjemHnritHEdH4XnMTdmX4wlk8k8+H94sJ3oe9Gcj4O/eIgkQ==",
            "dependencies": {
                "fluture": "^14.0.0",
                "jsonpath-plus": "^7.2.0",
                "just-clone": "^6.1.1",
                "just-compare": "^2.2.2",
                "just-deep-map-values": "^1.1.1",
                "loglevel": "^1.8.0",
                "ramda": "^0.28.0"
            }
        },
        "node_modules/jsonpath-plus": {
            "version": "7.2.0",
            "resolved": "https://registry.npmjs.org/jsonpath-plus/-/jsonpath-plus-7.2.0.tgz",
            "integrity": "sha512-zBfiUPM5nD0YZSBT/o/fbCUlCcepMIdP0CJZxM1+KgA4f2T206f6VAg9e7mX35+KlMaIc5qXW34f3BnwJ3w+RA==",
            "engines": {
                "node": ">=12.0.0"
            }
        },
        "node_modules/just-clone": {
            "version": "6.2.0",
            "resolved": "https://registry.npmjs.org/just-clone/-/just-clone-6.2.0.tgz",
            "integrity": "sha512-1IynUYEc/HAwxhi3WDpIpxJbZpMCvvrrmZVqvj9EhpvbH8lls7HhdhiByjL7DkAaWlLIzpC0Xc/VPvy/UxLNjA=="
        },
        "node_modules/just-compare": {
            "version": "2.3.0",
            "resolved": "https://registry.npmjs.org/just-compare/-/just-compare-2.3.0.tgz",
            "integrity": "sha512-6shoR7HDT+fzfL3gBahx1jZG3hWLrhPAf+l7nCwahDdT9XDtosB9kIF0ZrzUp5QY8dJWfQVr5rnsPqsbvflDzg=="
        },
        "node_modules/just-deep-map-values": {
            "version": "1.2.0",
            "resolved": "https://registry.npmjs.org/just-deep-map-values/-/just-deep-map-values-1.2.0.tgz",
            "integrity": "sha512-4vpPBzHHis4UW/EbH5kHZn0gJvKP+EiMpbjD669ZSxdwx+EoAlQLMbLR08SEtydcq/MjDPPtwGiPo9R893iHVA=="
        },
        "node_modules/loglevel": {
            "version": "1.9.2",
            "resolved": "https://registry.npmjs.org/loglevel/-/loglevel-1.9.2.tgz",
            "integrity": "sha512-HgMmCqIJSAKqo68l0rS2AanEWfkxaZ5wNiEFb5ggm08lDs9Xl2KxBlX3PTcaD2chBM1gXAYf491/M2Rv8Jwayg==",
            "engines": {
                "node": ">= 0.6.0"
            },
            "funding": {
                "type": "tidelift",
                "url": "https://tidelift.com/funding/github/npm/loglevel"
            }
        },
        "node_modules/ramda": {
            "version": "0.28.0",
            "resolved": "https://registry.npmjs.org/ramda/-/ramda-0.28.0.tgz",
            "integrity": "sha512-9QnLuG/kPVgWvMQ4aODhsBUFKOUmnbUnsSXACv+NCQZcHbeb+v8Lodp8OVxtRULN1/xOyYLLaL6npE6dMq5QTA==",
            "funding": {
                "type": "opencollective",
                "url": "https://opencollective.com/ramda"
            }
        },
        "node_modules/sanctuary-show": {
            "version": "2.0.0",
            "resolved": "https://registry.npmjs.org/sanctuary-show/-/sanctuary-show-2.0.0.tgz",
            "integrity": "sha512-REj4ZiioUXnDLj6EpJ9HcYDIEGaEexmB9Fg5o6InZR9f0x5PfnnC21QeU9SZ9E7G8zXSZPNjy8VRUK4safbesw=="
        },
        "node_modules/sanctuary-type-identifiers": {
            "version": "3.0.0",
            "resolved": "https://registry.npmjs.org/sanctuary-type-identifiers/-/sanctuary-type-identifiers-3.0.0.tgz",
            "integrity": "sha512-YFXYcG0Ura1dSPd/1xLYtE2XAWUEsBHhMTZvYBOvwT8MeFQwdUOCMm2DC+r94z6H93FVq0qxDac8/D7QpJj6Mg=="
        }
    }
}
