{
    "name": "noderequire",
    "version": "1.0.0",
    "lockfileVersion": 3,
    "requires": true,
    "packages": {
        "": {
            "name": "noderequire",
            "version": "1.0.0",
            "license": "ISC",
            "dependencies": {
                "js-awe": "^1.0.44"
            }
        },
        "node_modules/@jsep-plugin/assignment": {
            "version": "1.3.0",
            "resolved": "https://registry.npmjs.org/@jsep-plugin/assignment/-/assignment-1.3.0.tgz",
            "integrity": "sha512-VVgV+CXrhbMI3aSusQyclHkenWSAm95WaiKrMxRFam3JSUiIaQjoMIw2sEs/OX4XifnqeQUN4DYbJjlA8EfktQ==",
            "engines": {
                "node": ">= 10.16.0"
            },
            "peerDependencies": {
                "jsep": "^0.4.0||^1.0.0"
            }
        },
        "node_modules/@jsep-plugin/regex": {
            "version": "1.0.4",
            "resolved": "https://registry.npmjs.org/@jsep-plugin/regex/-/regex-1.0.4.tgz",
            "integrity": "sha512-q7qL4Mgjs1vByCaTnDFcBnV9HS7GVPJX5vyVoCgZHNSC9rjwIlmbXG5sUuorR5ndfHAIlJ8pVStxvjXHbNvtUg==",
            "engines": {
                "node": ">= 10.16.0"
            },
            "peerDependencies": {
                "jsep": "^0.4.0||^1.0.0"
            }
        },
        "node_modules/@rollup/rollup-android-arm-eabi": {
            "version": "4.31.0",
            "resolved": "https://registry.npmjs.org/@rollup/rollup-android-arm-eabi/-/rollup-android-arm-eabi-4.31.0.tgz",
            "integrity": "sha512-9NrR4033uCbUBRgvLcBrJofa2KY9DzxL2UKZ1/4xA/mnTNyhZCWBuD8X3tPm1n4KxcgaraOYgrFKSgwjASfmlA==",
            "cpu": [
                "arm"
            ],
            "optional": true,
            "os": [
                "android"
            ]
        },
        "node_modules/@rollup/rollup-android-arm64": {
            "version": "4.31.0",
            "resolved": "https://registry.npmjs.org/@rollup/rollup-android-arm64/-/rollup-android-arm64-4.31.0.tgz",
            "integrity": "sha512-iBbODqT86YBFHajxxF8ebj2hwKm1k8PTBQSojSt3d1FFt1gN+xf4CowE47iN0vOSdnd+5ierMHBbu/rHc7nq5g==",
            "cpu": [
                "arm64"
            ],
            "optional": true,
            "os": [
                "android"
            ]
        },
        "node_modules/@rollup/rollup-darwin-arm64": {
            "version": "4.31.0",
            "resolved": "https://registry.npmjs.org/@rollup/rollup-darwin-arm64/-/rollup-darwin-arm64-4.31.0.tgz",
            "integrity": "sha512-WHIZfXgVBX30SWuTMhlHPXTyN20AXrLH4TEeH/D0Bolvx9PjgZnn4H677PlSGvU6MKNsjCQJYczkpvBbrBnG6g==",
            "cpu": [
                "arm64"
            ],
            "optional": true,
            "os": [
                "darwin"
            ]
        },
        "node_modules/@rollup/rollup-darwin-x64": {
            "version": "4.31.0",
            "resolved": "https://registry.npmjs.org/@rollup/rollup-darwin-x64/-/rollup-darwin-x64-4.31.0.tgz",
            "integrity": "sha512-hrWL7uQacTEF8gdrQAqcDy9xllQ0w0zuL1wk1HV8wKGSGbKPVjVUv/DEwT2+Asabf8Dh/As+IvfdU+H8hhzrQQ==",
            "cpu": [
                "x64"
            ],
            "optional": true,
            "os": [
                "darwin"
            ]
        },
        "node_modules/@rollup/rollup-freebsd-arm64": {
            "version": "4.31.0",
            "resolved": "https://registry.npmjs.org/@rollup/rollup-freebsd-arm64/-/rollup-freebsd-arm64-4.31.0.tgz",
            "integrity": "sha512-S2oCsZ4hJviG1QjPY1h6sVJLBI6ekBeAEssYKad1soRFv3SocsQCzX6cwnk6fID6UQQACTjeIMB+hyYrFacRew==",
            "cpu": [
                "arm64"
            ],
            "optional": true,
            "os": [
                "freebsd"
            ]
        },
        "node_modules/@rollup/rollup-freebsd-x64": {
            "version": "4.31.0",
            "resolved": "https://registry.npmjs.org/@rollup/rollup-freebsd-x64/-/rollup-freebsd-x64-4.31.0.tgz",
            "integrity": "sha512-pCANqpynRS4Jirn4IKZH4tnm2+2CqCNLKD7gAdEjzdLGbH1iO0zouHz4mxqg0uEMpO030ejJ0aA6e1PJo2xrPA==",
            "cpu": [
                "x64"
            ],
            "optional": true,
            "os": [
                "freebsd"
            ]
        },
        "node_modules/@rollup/rollup-linux-arm-gnueabihf": {
            "version": "4.31.0",
            "resolved": "https://registry.npmjs.org/@rollup/rollup-linux-arm-gnueabihf/-/rollup-linux-arm-gnueabihf-4.31.0.tgz",
            "integrity": "sha512-0O8ViX+QcBd3ZmGlcFTnYXZKGbFu09EhgD27tgTdGnkcYXLat4KIsBBQeKLR2xZDCXdIBAlWLkiXE1+rJpCxFw==",
            "cpu": [
                "arm"
            ],
            "optional": true,
            "os": [
                "linux"
            ]
        },
        "node_modules/@rollup/rollup-linux-arm-musleabihf": {
            "version": "4.31.0",
            "resolved": "https://registry.npmjs.org/@rollup/rollup-linux-arm-musleabihf/-/rollup-linux-arm-musleabihf-4.31.0.tgz",
            "integrity": "sha512-w5IzG0wTVv7B0/SwDnMYmbr2uERQp999q8FMkKG1I+j8hpPX2BYFjWe69xbhbP6J9h2gId/7ogesl9hwblFwwg==",
            "cpu": [
                "arm"
            ],
            "optional": true,
            "os": [
                "linux"
            ]
        },
        "node_modules/@rollup/rollup-linux-arm64-gnu": {
            "version": "4.31.0",
            "resolved": "https://registry.npmjs.org/@rollup/rollup-linux-arm64-gnu/-/rollup-linux-arm64-gnu-4.31.0.tgz",
            "integrity": "sha512-JyFFshbN5xwy6fulZ8B/8qOqENRmDdEkcIMF0Zz+RsfamEW+Zabl5jAb0IozP/8UKnJ7g2FtZZPEUIAlUSX8cA==",
            "cpu": [
                "arm64"
            ],
            "optional": true,
            "os": [
                "linux"
            ]
        },
        "node_modules/@rollup/rollup-linux-arm64-musl": {
            "version": "4.31.0",
            "resolved": "https://registry.npmjs.org/@rollup/rollup-linux-arm64-musl/-/rollup-linux-arm64-musl-4.31.0.tgz",
            "integrity": "sha512-kpQXQ0UPFeMPmPYksiBL9WS/BDiQEjRGMfklVIsA0Sng347H8W2iexch+IEwaR7OVSKtr2ZFxggt11zVIlZ25g==",
            "cpu": [
                "arm64"
            ],
            "optional": true,
            "os": [
                "linux"
            ]
        },
        "node_modules/@rollup/rollup-linux-loongarch64-gnu": {
            "version": "4.31.0",
            "resolved": "https://registry.npmjs.org/@rollup/rollup-linux-loongarch64-gnu/-/rollup-linux-loongarch64-gnu-4.31.0.tgz",
            "integrity": "sha512-pMlxLjt60iQTzt9iBb3jZphFIl55a70wexvo8p+vVFK+7ifTRookdoXX3bOsRdmfD+OKnMozKO6XM4zR0sHRrQ==",
            "cpu": [
                "loong64"
            ],
            "optional": true,
            "os": [
                "linux"
            ]
        },
        "node_modules/@rollup/rollup-linux-powerpc64le-gnu": {
            "version": "4.31.0",
            "resolved": "https://registry.npmjs.org/@rollup/rollup-linux-powerpc64le-gnu/-/rollup-linux-powerpc64le-gnu-4.31.0.tgz",
            "integrity": "sha512-D7TXT7I/uKEuWiRkEFbed1UUYZwcJDU4vZQdPTcepK7ecPhzKOYk4Er2YR4uHKme4qDeIh6N3XrLfpuM7vzRWQ==",
            "cpu": [
                "ppc64"
            ],
            "optional": true,
            "os": [
                "linux"
            ]
        },
        "node_modules/@rollup/rollup-linux-riscv64-gnu": {
            "version": "4.31.0",
            "resolved": "https://registry.npmjs.org/@rollup/rollup-linux-riscv64-gnu/-/rollup-linux-riscv64-gnu-4.31.0.tgz",
            "integrity": "sha512-wal2Tc8O5lMBtoePLBYRKj2CImUCJ4UNGJlLwspx7QApYny7K1cUYlzQ/4IGQBLmm+y0RS7dwc3TDO/pmcneTw==",
            "cpu": [
                "riscv64"
            ],
            "optional": true,
            "os": [
                "linux"
            ]
        },
        "node_modules/@rollup/rollup-linux-s390x-gnu": {
            "version": "4.31.0",
            "resolved": "https://registry.npmjs.org/@rollup/rollup-linux-s390x-gnu/-/rollup-linux-s390x-gnu-4.31.0.tgz",
            "integrity": "sha512-O1o5EUI0+RRMkK9wiTVpk2tyzXdXefHtRTIjBbmFREmNMy7pFeYXCFGbhKFwISA3UOExlo5GGUuuj3oMKdK6JQ==",
            "cpu": [
                "s390x"
            ],
            "optional": true,
            "os": [
                "linux"
            ]
        },
        "node_modules/@rollup/rollup-linux-x64-gnu": {
            "version": "4.31.0",
            "resolved": "https://registry.npmjs.org/@rollup/rollup-linux-x64-gnu/-/rollup-linux-x64-gnu-4.31.0.tgz",
            "integrity": "sha512-zSoHl356vKnNxwOWnLd60ixHNPRBglxpv2g7q0Cd3Pmr561gf0HiAcUBRL3S1vPqRC17Zo2CX/9cPkqTIiai1g==",
            "cpu": [
                "x64"
            ],
            "optional": true,
            "os": [
                "linux"
            ]
        },
        "node_modules/@rollup/rollup-linux-x64-musl": {
            "version": "4.31.0",
            "resolved": "https://registry.npmjs.org/@rollup/rollup-linux-x64-musl/-/rollup-linux-x64-musl-4.31.0.tgz",
            "integrity": "sha512-ypB/HMtcSGhKUQNiFwqgdclWNRrAYDH8iMYH4etw/ZlGwiTVxBz2tDrGRrPlfZu6QjXwtd+C3Zib5pFqID97ZA==",
            "cpu": [
                "x64"
            ],
            "optional": true,
            "os": [
                "linux"
            ]
        },
        "node_modules/@rollup/rollup-win32-arm64-msvc": {
            "version": "4.31.0",
            "resolved": "https://registry.npmjs.org/@rollup/rollup-win32-arm64-msvc/-/rollup-win32-arm64-msvc-4.31.0.tgz",
            "integrity": "sha512-JuhN2xdI/m8Hr+aVO3vspO7OQfUFO6bKLIRTAy0U15vmWjnZDLrEgCZ2s6+scAYaQVpYSh9tZtRijApw9IXyMw==",
            "cpu": [
                "arm64"
            ],
            "optional": true,
            "os": [
                "win32"
            ]
        },
        "node_modules/@rollup/rollup-win32-ia32-msvc": {
            "version": "4.31.0",
            "resolved": "https://registry.npmjs.org/@rollup/rollup-win32-ia32-msvc/-/rollup-win32-ia32-msvc-4.31.0.tgz",
            "integrity": "sha512-U1xZZXYkvdf5MIWmftU8wrM5PPXzyaY1nGCI4KI4BFfoZxHamsIe+BtnPLIvvPykvQWlVbqUXdLa4aJUuilwLQ==",
            "cpu": [
                "ia32"
            ],
            "optional": true,
            "os": [
                "win32"
            ]
        },
        "node_modules/@rollup/rollup-win32-x64-msvc": {
            "version": "4.31.0",
            "resolved": "https://registry.npmjs.org/@rollup/rollup-win32-x64-msvc/-/rollup-win32-x64-msvc-4.31.0.tgz",
            "integrity": "sha512-ul8rnCsUumNln5YWwz0ted2ZHFhzhRRnkpBZ+YRuHoRAlUji9KChpOUOndY7uykrPEPXVbHLlsdo6v5yXo/TXw==",
            "cpu": [
                "x64"
            ],
            "optional": true,
            "os": [
                "win32"
            ]
        },
        "node_modules/@types/estree": {
            "version": "1.0.6",
            "resolved": "https://registry.npmjs.org/@types/estree/-/estree-1.0.6.tgz",
            "integrity": "sha512-AYnb1nQyY49te+VRAVgmzfcgjYS91mY5P0TKUDCLEM+gNnA+3T6rWITXRLYCpahpqSQbN5cE+gHpnPyXjHWxcw=="
        },
        "node_modules/fluture": {
            "version": "14.0.0",
            "resolved": "https://registry.npmjs.org/fluture/-/fluture-14.0.0.tgz",
            "integrity": "sha512-pENtLF948a8DfduVKugT8edTAbFi4rBS94xjHwzLanQqIu5PYtLGl+xqs6H8TaIRL7z/B0cDpswdINzH/HRUGA==",
            "dependencies": {
                "sanctuary-show": "^2.0.0",
                "sanctuary-type-identifiers": "^3.0.0"
            },
            "engines": {
                "node": ">=4.0.0"
            }
        },
        "node_modules/fsevents": {
            "version": "2.3.3",
            "resolved": "https://registry.npmjs.org/fsevents/-/fsevents-2.3.3.tgz",
            "integrity": "sha512-5xoDfX+fL7faATnagmWPpbFtwh/R77WmMMqqHGS65C3vvB0YHrgF+B1YmZ3441tMj5n63k0212XNoJwzlhffQw==",
            "hasInstallScript": true,
            "optional": true,
            "os": [
                "darwin"
            ],
            "engines": {
                "node": "^8.16.0 || ^10.6.0 || >=11.0.0"
            }
        },
        "node_modules/js-awe": {
            "version": "1.0.88",
            "resolved": "https://registry.npmjs.org/js-awe/-/js-awe-1.0.88.tgz",
            "integrity": "sha512-l/gJrLSy11kZtfEo1A0v+G+oZapOvFRUnWtr6F+Qk0xbUTms7h4dt53smpveE6/r2diW+3/0671+Efd9Aax4cg==",
            "dependencies": {
                "fluture": "^14.0.0",
                "jsonpath-plus": "^10.2.0",
                "just-clone": "^6.1.1",
                "just-compare": "^2.2.2",
                "just-deep-map-values": "^1.1.1",
                "loglevel": "^1.8.0",
                "ramda": "^0.28.0",
                "rollup": "^4.22.4"
            }
        },
        "node_modules/jsep": {
            "version": "1.4.0",
            "resolved": "https://registry.npmjs.org/jsep/-/jsep-1.4.0.tgz",
            "integrity": "sha512-B7qPcEVE3NVkmSJbaYxvv4cHkVW7DQsZz13pUMrfS8z8Q/BuShN+gcTXrUlPiGqM2/t/EEaI030bpxMqY8gMlw==",
            "engines": {
                "node": ">= 10.16.0"
            }
        },
        "node_modules/jsonpath-plus": {
            "version": "10.2.0",
            "resolved": "https://registry.npmjs.org/jsonpath-plus/-/jsonpath-plus-10.2.0.tgz",
            "integrity": "sha512-T9V+8iNYKFL2n2rF+w02LBOT2JjDnTjioaNFrxRy0Bv1y/hNsqR/EBK7Ojy2ythRHwmz2cRIls+9JitQGZC/sw==",
            "dependencies": {
                "@jsep-plugin/assignment": "^1.3.0",
                "@jsep-plugin/regex": "^1.0.4",
                "jsep": "^1.4.0"
            },
            "bin": {
                "jsonpath": "bin/jsonpath-cli.js",
                "jsonpath-plus": "bin/jsonpath-cli.js"
            },
            "engines": {
                "node": ">=18.0.0"
            }
        },
        "node_modules/just-clone": {
            "version": "6.2.0",
            "resolved": "https://registry.npmjs.org/just-clone/-/just-clone-6.2.0.tgz",
            "integrity": "sha512-1IynUYEc/HAwxhi3WDpIpxJbZpMCvvrrmZVqvj9EhpvbH8lls7HhdhiByjL7DkAaWlLIzpC0Xc/VPvy/UxLNjA=="
        },
        "node_modules/just-compare": {
            "version": "2.3.0",
            "resolved": "https://registry.npmjs.org/just-compare/-/just-compare-2.3.0.tgz",
            "integrity": "sha512-6shoR7HDT+fzfL3gBahx1jZG3hWLrhPAf+l7nCwahDdT9XDtosB9kIF0ZrzUp5QY8dJWfQVr5rnsPqsbvflDzg=="
        },
        "node_modules/just-deep-map-values": {
            "version": "1.2.0",
            "resolved": "https://registry.npmjs.org/just-deep-map-values/-/just-deep-map-values-1.2.0.tgz",
            "integrity": "sha512-4vpPBzHHis4UW/EbH5kHZn0gJvKP+EiMpbjD669ZSxdwx+EoAlQLMbLR08SEtydcq/MjDPPtwGiPo9R893iHVA=="
        },
        "node_modules/loglevel": {
            "version": "1.9.2",
            "resolved": "https://registry.npmjs.org/loglevel/-/loglevel-1.9.2.tgz",
            "integrity": "sha512-HgMmCqIJSAKqo68l0rS2AanEWfkxaZ5wNiEFb5ggm08lDs9Xl2KxBlX3PTcaD2chBM1gXAYf491/M2Rv8Jwayg==",
            "engines": {
                "node": ">= 0.6.0"
            },
            "funding": {
                "type": "tidelift",
                "url": "https://tidelift.com/funding/github/npm/loglevel"
            }
        },
        "node_modules/ramda": {
            "version": "0.28.0",
            "resolved": "https://registry.npmjs.org/ramda/-/ramda-0.28.0.tgz",
            "integrity": "sha512-9QnLuG/kPVgWvMQ4aODhsBUFKOUmnbUnsSXACv+NCQZcHbeb+v8Lodp8OVxtRULN1/xOyYLLaL6npE6dMq5QTA==",
            "funding": {
                "type": "opencollective",
                "url": "https://opencollective.com/ramda"
            }
        },
        "node_modules/rollup": {
            "version": "4.31.0",
            "resolved": "https://registry.npmjs.org/rollup/-/rollup-4.31.0.tgz",
            "integrity": "sha512-9cCE8P4rZLx9+PjoyqHLs31V9a9Vpvfo4qNcs6JCiGWYhw2gijSetFbH6SSy1whnkgcefnUwr8sad7tgqsGvnw==",
            "dependencies": {
                "@types/estree": "1.0.6"
            },
            "bin": {
                "rollup": "dist/bin/rollup"
            },
            "engines": {
                "node": ">=18.0.0",
                "npm": ">=8.0.0"
            },
            "optionalDependencies": {
                "@rollup/rollup-android-arm-eabi": "4.31.0",
                "@rollup/rollup-android-arm64": "4.31.0",
                "@rollup/rollup-darwin-arm64": "4.31.0",
                "@rollup/rollup-darwin-x64": "4.31.0",
                "@rollup/rollup-freebsd-arm64": "4.31.0",
                "@rollup/rollup-freebsd-x64": "4.31.0",
                "@rollup/rollup-linux-arm-gnueabihf": "4.31.0",
                "@rollup/rollup-linux-arm-musleabihf": "4.31.0",
                "@rollup/rollup-linux-arm64-gnu": "4.31.0",
                "@rollup/rollup-linux-arm64-musl": "4.31.0",
                "@rollup/rollup-linux-loongarch64-gnu": "4.31.0",
                "@rollup/rollup-linux-powerpc64le-gnu": "4.31.0",
                "@rollup/rollup-linux-riscv64-gnu": "4.31.0",
                "@rollup/rollup-linux-s390x-gnu": "4.31.0",
                "@rollup/rollup-linux-x64-gnu": "4.31.0",
                "@rollup/rollup-linux-x64-musl": "4.31.0",
                "@rollup/rollup-win32-arm64-msvc": "4.31.0",
                "@rollup/rollup-win32-ia32-msvc": "4.31.0",
                "@rollup/rollup-win32-x64-msvc": "4.31.0",
                "fsevents": "~2.3.2"
            }
        },
        "node_modules/sanctuary-show": {
            "version": "2.0.0",
            "resolved": "https://registry.npmjs.org/sanctuary-show/-/sanctuary-show-2.0.0.tgz",
            "integrity": "sha512-REj4ZiioUXnDLj6EpJ9HcYDIEGaEexmB9Fg5o6InZR9f0x5PfnnC21QeU9SZ9E7G8zXSZPNjy8VRUK4safbesw=="
        },
        "node_modules/sanctuary-type-identifiers": {
            "version": "3.0.0",
            "resolved": "https://registry.npmjs.org/sanctuary-type-identifiers/-/sanctuary-type-identifiers-3.0.0.tgz",
            "integrity": "sha512-YFXYcG0Ura1dSPd/1xLYtE2XAWUEsBHhMTZvYBOvwT8MeFQwdUOCMm2DC+r94z6H93FVq0qxDac8/D7QpJj6Mg=="
        }
    }
}
